
Microsoft Visual Studio Solution File, Format Version 12.00
Project("{FAE04EC0-301F-11D3-BF4B-00C04F79EFBC}") = "BattleShipConsole", "BattleShipConsole\BattleShipConsole.csproj", "{1C4052DD-86A5-49C4-9B16-26B8DBD17E1D}"
EndProject
Global
	GlobalSection(SolutionConfigurationPlatforms) = preSolution
		Debug|Any CPU = Debug|Any CPU
		Release|Any CPU = Release|Any CPU
	EndGlobalSection
	GlobalSection(ProjectConfigurationPlatforms) = postSolution
		{1C4052DD-86A5-49C4-9B16-26B8DBD17E1D}.Debug|Any CPU.ActiveCfg = Debug|Any CPU
		{1C4052DD-86A5-49C4-9B16-26B8DBD17E1D}.Debug|Any CPU.Build.0 = Debug|Any CPU
		{1C4052DD-86A5-49C4-9B16-26B8DBD17E1D}.Release|Any CPU.ActiveCfg = Release|Any CPU
		{1C4052DD-86A5-49C4-9B16-26B8DBD17E1D}.Release|Any CPU.Build.0 = Release|Any CPU
	EndGlobalSection
EndGlobal
