
Microsoft Visual Studio Solution File, Format Version 12.00
Project("{FAE04EC0-301F-11D3-BF4B-00C04F79EFBC}") = "ConsoleApps", "ConsoleApps\ConsoleApps.csproj", "{1346723C-FB3E-478D-A96C-500D138B3340}"
EndProject
Global
	GlobalSection(SolutionConfigurationPlatforms) = preSolution
		Debug|Any CPU = Debug|Any CPU
		Release|Any CPU = Release|Any CPU
	EndGlobalSection
	GlobalSection(ProjectConfigurationPlatforms) = postSolution
		{1346723C-FB3E-478D-A96C-500D138B3340}.Debug|Any CPU.ActiveCfg = Debug|Any CPU
		{1346723C-FB3E-478D-A96C-500D138B3340}.Debug|Any CPU.Build.0 = Debug|Any CPU
		{1346723C-FB3E-478D-A96C-500D138B3340}.Release|Any CPU.ActiveCfg = Release|Any CPU
		{1346723C-FB3E-478D-A96C-500D138B3340}.Release|Any CPU.Build.0 = Release|Any CPU
	EndGlobalSection
EndGlobal
